{
  "version": "3",
  "packages": {
    "specifiers": {
      "jsr:@mary/bluesky-client@0.5.11": "jsr:@mary/bluesky-client@0.5.11"
    },
    "jsr": {
      "@mary/bluesky-client@0.5.11": {
        "integrity": "a12c80ee7dc34c2f3fcb86aa96ce01c5ff9326b7f8f1cad362a434235da88c64"
      }
    }
  },
  "remote": {}
}
