{
  "version": "3",
  "packages": {
    "specifiers": {
      "jsr:@mary/bluesky-client@^0.5.27": "jsr:@mary/bluesky-client@0.5.27"
    },
    "jsr": {
      "@mary/bluesky-client@0.5.27": {
        "integrity": "3b56bab15ea0de60ef5887e75e742793f683a9e3bee49bb9a608d672305f8c45"
      }
    }
  },
  "remote": {},
  "workspace": {
    "dependencies": [
      "jsr:@mary/bluesky-client@^0.5.27"
    ]
  }
}
